
Microsoft Visual Studio Solution File, Format Version 12.00
# Visual Studio 15
VisualStudioVersion = 15.0.27130.2036
MinimumVisualStudioVersion = 10.0.40219.1
Project("{FAE04EC0-301F-11D3-BF4B-00C04F79EFBC}") = "MovieLibrary", "MovieLibrary\MovieLibrary.csproj", "{FBAD9AD7-6D30-487E-8533-934708FD96B7}"
EndProject
Global
	GlobalSection(SolutionConfigurationPlatforms) = preSolution
		Debug|Any CPU = Debug|Any CPU
		Release|Any CPU = Release|Any CPU
	EndGlobalSection
	GlobalSection(ProjectConfigurationPlatforms) = postSolution
		{FBAD9AD7-6D30-487E-8533-934708FD96B7}.Debug|Any CPU.ActiveCfg = Debug|Any CPU
		{FBAD9AD7-6D30-487E-8533-934708FD96B7}.Debug|Any CPU.Build.0 = Debug|Any CPU
		{FBAD9AD7-6D30-487E-8533-934708FD96B7}.Release|Any CPU.ActiveCfg = Release|Any CPU
		{FBAD9AD7-6D30-487E-8533-934708FD96B7}.Release|Any CPU.Build.0 = Release|Any CPU
	EndGlobalSection
	GlobalSection(SolutionProperties) = preSolution
		HideSolutionNode = FALSE
	EndGlobalSection
	GlobalSection(ExtensibilityGlobals) = postSolution
		SolutionGuid = {9509DEEA-F23D-4EB9-A2C6-0BA2A51B96AE}
	EndGlobalSection
EndGlobal
